
Microsoft Visual Studio Solution File, Format Version 12.00
Project("{FAE04EC0-301F-11D3-BF4B-00C04F79EFBC}") = "ToDoAppLib", "ToDoAppLib\ToDoAppLib.csproj", "{F204F6D1-051C-4BAA-96FF-694E82CC41A6}"
EndProject
Project("{FAE04EC0-301F-11D3-BF4B-00C04F79EFBC}") = "ToDoAppDesktop", "ToDoAppDesktop\ToDoAppDesktop.csproj", "{73399F8A-5E01-4199-B160-0F80B502DB03}"
EndProject
Global
	GlobalSection(SolutionConfigurationPlatforms) = preSolution
		Debug|Any CPU = Debug|Any CPU
		Release|Any CPU = Release|Any CPU
	EndGlobalSection
	GlobalSection(ProjectConfigurationPlatforms) = postSolution
		{F204F6D1-051C-4BAA-96FF-694E82CC41A6}.Debug|Any CPU.ActiveCfg = Debug|Any CPU
		{F204F6D1-051C-4BAA-96FF-694E82CC41A6}.Debug|Any CPU.Build.0 = Debug|Any CPU
		{F204F6D1-051C-4BAA-96FF-694E82CC41A6}.Release|Any CPU.ActiveCfg = Release|Any CPU
		{F204F6D1-051C-4BAA-96FF-694E82CC41A6}.Release|Any CPU.Build.0 = Release|Any CPU
		{73399F8A-5E01-4199-B160-0F80B502DB03}.Debug|Any CPU.ActiveCfg = Debug|Any CPU
		{73399F8A-5E01-4199-B160-0F80B502DB03}.Debug|Any CPU.Build.0 = Debug|Any CPU
		{73399F8A-5E01-4199-B160-0F80B502DB03}.Release|Any CPU.ActiveCfg = Release|Any CPU
		{73399F8A-5E01-4199-B160-0F80B502DB03}.Release|Any CPU.Build.0 = Release|Any CPU
	EndGlobalSection
EndGlobal
